{
  "name": "skinet",
  "lockfileVersion": 3,
  "requires": true,
  "packages": {
    "": {
      "dependencies": {
        "@stripe/stripe-js": "^7.3.1",
        "nanoid": "^5.1.4"
      }
    },
    "node_modules/@stripe/stripe-js": {
      "version": "7.3.1",
      "resolved": "https://registry.npmjs.org/@stripe/stripe-js/-/stripe-js-7.3.1.tgz",
      "integrity": "sha512-pTzb864TQWDRQBPLgSPFRoyjSDUqpCkbEgTzpsjiTjGz1Z5SxZNXJek28w1s6Dyry4CyW4/Izj5jHE/J9hCJYQ==",
      "engines": {
        "node": ">=12.16"
      }
    },
    "node_modules/nanoid": {
      "version": "5.1.4",
      "resolved": "https://registry.npmjs.org/nanoid/-/nanoid-5.1.4.tgz",
      "integrity": "sha512-GTFcMIDgR7tqji/LpSY8rtg464VnJl/j6ypoehYnuGb+Y8qZUdtKB8WVCXon0UEZgFDbuUxpIl//6FHLHgXSNA==",
      "funding": [
        {
          "type": "github",
          "url": "https://github.com/sponsors/ai"
        }
      ],
      "bin": {
        "nanoid": "bin/nanoid.js"
      },
      "engines": {
        "node": "^18 || >=20"
      }
    }
  }
}
